
Microsoft Visual Studio Solution File, Format Version 12.00
# Visual Studio 2012
Project("{FAE04EC0-301F-11D3-BF4B-00C04F79EFBC}") = "01", "01\01.csproj", "{852B9072-5A0A-4FC0-B746-801AF8917999}"
EndProject
Project("{FAE04EC0-301F-11D3-BF4B-00C04F79EFBC}") = "02", "02\02.csproj", "{5A25996E-FE3A-41CA-8BC3-596833113774}"
EndProject
Project("{FAE04EC0-301F-11D3-BF4B-00C04F79EFBC}") = "03", "03\03.csproj", "{F4D40B40-52BC-487D-AA94-3E912E22A839}"
EndProject
Project("{FAE04EC0-301F-11D3-BF4B-00C04F79EFBC}") = "04", "04\04.csproj", "{FF5EF22F-BB7E-4B89-AE20-D83F8FA0333E}"
EndProject
Global
	GlobalSection(SolutionConfigurationPlatforms) = preSolution
		Debug|Any CPU = Debug|Any CPU
		Release|Any CPU = Release|Any CPU
	EndGlobalSection
	GlobalSection(ProjectConfigurationPlatforms) = postSolution
		{852B9072-5A0A-4FC0-B746-801AF8917999}.Debug|Any CPU.ActiveCfg = Debug|Any CPU
		{852B9072-5A0A-4FC0-B746-801AF8917999}.Debug|Any CPU.Build.0 = Debug|Any CPU
		{852B9072-5A0A-4FC0-B746-801AF8917999}.Release|Any CPU.ActiveCfg = Release|Any CPU
		{852B9072-5A0A-4FC0-B746-801AF8917999}.Release|Any CPU.Build.0 = Release|Any CPU
		{5A25996E-FE3A-41CA-8BC3-596833113774}.Debug|Any CPU.ActiveCfg = Debug|Any CPU
		{5A25996E-FE3A-41CA-8BC3-596833113774}.Debug|Any CPU.Build.0 = Debug|Any CPU
		{5A25996E-FE3A-41CA-8BC3-596833113774}.Release|Any CPU.ActiveCfg = Release|Any CPU
		{5A25996E-FE3A-41CA-8BC3-596833113774}.Release|Any CPU.Build.0 = Release|Any CPU
		{F4D40B40-52BC-487D-AA94-3E912E22A839}.Debug|Any CPU.ActiveCfg = Debug|Any CPU
		{F4D40B40-52BC-487D-AA94-3E912E22A839}.Debug|Any CPU.Build.0 = Debug|Any CPU
		{F4D40B40-52BC-487D-AA94-3E912E22A839}.Release|Any CPU.ActiveCfg = Release|Any CPU
		{F4D40B40-52BC-487D-AA94-3E912E22A839}.Release|Any CPU.Build.0 = Release|Any CPU
		{FF5EF22F-BB7E-4B89-AE20-D83F8FA0333E}.Debug|Any CPU.ActiveCfg = Debug|Any CPU
		{FF5EF22F-BB7E-4B89-AE20-D83F8FA0333E}.Debug|Any CPU.Build.0 = Debug|Any CPU
		{FF5EF22F-BB7E-4B89-AE20-D83F8FA0333E}.Release|Any CPU.ActiveCfg = Release|Any CPU
		{FF5EF22F-BB7E-4B89-AE20-D83F8FA0333E}.Release|Any CPU.Build.0 = Release|Any CPU
	EndGlobalSection
EndGlobal
